
Microsoft Visual Studio Solution File, Format Version 12.00
# Visual Studio Version 17
VisualStudioVersion = 17.0.31912.275
MinimumVisualStudioVersion = 10.0.40219.1
Project("{FAE04EC0-301F-11D3-BF4B-00C04F79EFBC}") = "api", "api\api.csproj", "{A86AFF2A-E49E-4724-B00A-35E606396B09}"
EndProject
Global
	GlobalSection(SolutionConfigurationPlatforms) = preSolution
		Debug|Any CPU = Debug|Any CPU
		Release|Any CPU = Release|Any CPU
	EndGlobalSection
	GlobalSection(ProjectConfigurationPlatforms) = postSolution
		{A86AFF2A-E49E-4724-B00A-35E606396B09}.Debug|Any CPU.ActiveCfg = Debug|Any CPU
		{A86AFF2A-E49E-4724-B00A-35E606396B09}.Debug|Any CPU.Build.0 = Debug|Any CPU
		{A86AFF2A-E49E-4724-B00A-35E606396B09}.Release|Any CPU.ActiveCfg = Release|Any CPU
		{A86AFF2A-E49E-4724-B00A-35E606396B09}.Release|Any CPU.Build.0 = Release|Any CPU
	EndGlobalSection
	GlobalSection(SolutionProperties) = preSolution
		HideSolutionNode = FALSE
	EndGlobalSection
	GlobalSection(ExtensibilityGlobals) = postSolution
		SolutionGuid = {F8C63B99-EB82-4F5B-85B9-BEC42455E741}
	EndGlobalSection
EndGlobal
